// !$*UTF8*$!
{
	archiveVersion = 1;
	classes = {
	};
	objectVersion = 56;
	objects = {

/* Begin PBXBuildFile section */
		710A6F852C57CBFD00E41A1F /* AppDelegate.swift in Sources */ = {isa = PBXBuildFile; fileRef = 710A6F842C57CBFD00E41A1F /* AppDelegate.swift */; };
		710A6F872C57CBFD00E41A1F /* SceneDelegate.swift in Sources */ = {isa = PBXBuildFile; fileRef = 710A6F862C57CBFD00E41A1F /* SceneDelegate.swift */; };
		710A6F892C57CBFD00E41A1F /* MainViewController.swift in Sources */ = {isa = PBXBuildFile; fileRef = 710A6F882C57CBFD00E41A1F /* MainViewController.swift */; };
		710A6F8E2C57CBFE00E41A1F /* Assets.xcassets in Resources */ = {isa = PBXBuildFile; fileRef = 710A6F8D2C57CBFE00E41A1F /* Assets.xcassets */; };
		710A6F912C57CBFE00E41A1F /* Base in Resources */ = {isa = PBXBuildFile; fileRef = 710A6F902C57CBFE00E41A1F /* Base */; };
		717B3F2D2C57CDBC005742F8 /* FruitStore.swift in Sources */ = {isa = PBXBuildFile; fileRef = 717B3F2C2C57CDBC005742F8 /* FruitStore.swift */; };
		717B3F2F2C57CDC3005742F8 /* JuiceMaker.swift in Sources */ = {isa = PBXBuildFile; fileRef = 717B3F2E2C57CDC3005742F8 /* JuiceMaker.swift */; };
		719DEE7C2C59164800861F20 /* Juice.swift in Sources */ = {isa = PBXBuildFile; fileRef = 719DEE7B2C59164800861F20 /* Juice.swift */; };
		71C92EB12C5FAA290081CAD2 /* ModifyOfStockViewController.swift in Sources */ = {isa = PBXBuildFile; fileRef = 71C92EB02C5FAA290081CAD2 /* ModifyOfStockViewController.swift */; };
/* End PBXBuildFile section */

/* Begin PBXFileReference section */
		710A6F812C57CBFD00E41A1F /* JuiceMaker.app */ = {isa = PBXFileReference; explicitFileType = wrapper.application; includeInIndex = 0; path = JuiceMaker.app; sourceTree = BUILT_PRODUCTS_DIR; };
		710A6F842C57CBFD00E41A1F /* AppDelegate.swift */ = {isa = PBXFileReference; lastKnownFileType = sourcecode.swift; path = AppDelegate.swift; sourceTree = "<group>"; };
		710A6F862C57CBFD00E41A1F /* SceneDelegate.swift */ = {isa = PBXFileReference; lastKnownFileType = sourcecode.swift; path = SceneDelegate.swift; sourceTree = "<group>"; };
		710A6F882C57CBFD00E41A1F /* MainViewController.swift */ = {isa = PBXFileReference; lastKnownFileType = sourcecode.swift; path = MainViewController.swift; sourceTree = "<group>"; };
		710A6F8D2C57CBFE00E41A1F /* Assets.xcassets */ = {isa = PBXFileReference; lastKnownFileType = folder.assetcatalog; path = Assets.xcassets; sourceTree = "<group>"; };
		710A6F902C57CBFE00E41A1F /* Base */ = {isa = PBXFileReference; lastKnownFileType = file.storyboard; name = Base; path = Base.lproj/LaunchScreen.storyboard; sourceTree = "<group>"; };
		710A6F922C57CBFE00E41A1F /* Info.plist */ = {isa = PBXFileReference; lastKnownFileType = text.plist.xml; path = Info.plist; sourceTree = "<group>"; };
		717B3F2C2C57CDBC005742F8 /* FruitStore.swift */ = {isa = PBXFileReference; lastKnownFileType = sourcecode.swift; path = FruitStore.swift; sourceTree = "<group>"; };
		717B3F2E2C57CDC3005742F8 /* JuiceMaker.swift */ = {isa = PBXFileReference; lastKnownFileType = sourcecode.swift; path = JuiceMaker.swift; sourceTree = "<group>"; };
		719DEE7B2C59164800861F20 /* Juice.swift */ = {isa = PBXFileReference; lastKnownFileType = sourcecode.swift; path = Juice.swift; sourceTree = "<group>"; };
		71C92EB02C5FAA290081CAD2 /* ModifyOfStockViewController.swift */ = {isa = PBXFileReference; lastKnownFileType = sourcecode.swift; path = ModifyOfStockViewController.swift; sourceTree = "<group>"; };
/* End PBXFileReference section */

/* Begin PBXFrameworksBuildPhase section */
		710A6F7E2C57CBFD00E41A1F /* Frameworks */ = {
			isa = PBXFrameworksBuildPhase;
			buildActionMask = 2147483647;
			files = (
			);
			runOnlyForDeploymentPostprocessing = 0;
		};
/* End PBXFrameworksBuildPhase section */

/* Begin PBXGroup section */
		710A6F782C57CBFD00E41A1F = {
			isa = PBXGroup;
			children = (
				710A6F832C57CBFD00E41A1F /* JuiceMaker */,
				710A6F822C57CBFD00E41A1F /* Products */,
			);
			sourceTree = "<group>";
		};
		710A6F822C57CBFD00E41A1F /* Products */ = {
			isa = PBXGroup;
			children = (
				710A6F812C57CBFD00E41A1F /* JuiceMaker.app */,
			);
			name = Products;
			sourceTree = "<group>";
		};
		710A6F832C57CBFD00E41A1F /* JuiceMaker */ = {
			isa = PBXGroup;
			children = (
				710A6F842C57CBFD00E41A1F /* AppDelegate.swift */,
				710A6F862C57CBFD00E41A1F /* SceneDelegate.swift */,
				710A6F882C57CBFD00E41A1F /* MainViewController.swift */,
				71C92EB02C5FAA290081CAD2 /* ModifyOfStockViewController.swift */,
				717B3F2C2C57CDBC005742F8 /* FruitStore.swift */,
				717B3F2E2C57CDC3005742F8 /* JuiceMaker.swift */,
				719DEE7B2C59164800861F20 /* Juice.swift */,
				710A6F8D2C57CBFE00E41A1F /* Assets.xcassets */,
				710A6F8F2C57CBFE00E41A1F /* LaunchScreen.storyboard */,
				710A6F922C57CBFE00E41A1F /* Info.plist */,
			);
			path = JuiceMaker;
			sourceTree = "<group>";
		};
/* End PBXGroup section */

/* Begin PBXNativeTarget section */
		710A6F802C57CBFD00E41A1F /* JuiceMaker */ = {
			isa = PBXNativeTarget;
			buildConfigurationList = 710A6F952C57CBFE00E41A1F /* Build configuration list for PBXNativeTarget "JuiceMaker" */;
			buildPhases = (
				710A6F7D2C57CBFD00E41A1F /* Sources */,
				710A6F7E2C57CBFD00E41A1F /* Frameworks */,
				710A6F7F2C57CBFD00E41A1F /* Resources */,
			);
			buildRules = (
			);
			dependencies = (
			);
			name = JuiceMaker;
			productName = JuiceMaker;
			productReference = 710A6F812C57CBFD00E41A1F /* JuiceMaker.app */;
			productType = "com.apple.product-type.application";
		};
/* End PBXNativeTarget section */

/* Begin PBXProject section */
		710A6F792C57CBFD00E41A1F /* Project object */ = {
			isa = PBXProject;
			attributes = {
				BuildIndependentTargetsInParallel = 1;
				LastSwiftUpdateCheck = 1540;
				LastUpgradeCheck = 1540;
				TargetAttributes = {
					710A6F802C57CBFD00E41A1F = {
						CreatedOnToolsVersion = 15.4;
					};
				};
			};
			buildConfigurationList = 710A6F7C2C57CBFD00E41A1F /* Build configuration list for PBXProject "JuiceMaker" */;
			compatibilityVersion = "Xcode 14.0";
			developmentRegion = en;
			hasScannedForEncodings = 0;
			knownRegions = (
				en,
				Base,
			);
			mainGroup = 710A6F782C57CBFD00E41A1F;
			productRefGroup = 710A6F822C57CBFD00E41A1F /* Products */;
			projectDirPath = "";
			projectRoot = "";
			targets = (
				710A6F802C57CBFD00E41A1F /* JuiceMaker */,
			);
		};
/* End PBXProject section */

/* Begin PBXResourcesBuildPhase section */
		710A6F7F2C57CBFD00E41A1F /* Resources */ = {
			isa = PBXResourcesBuildPhase;
			buildActionMask = 2147483647;
			files = (
				710A6F8E2C57CBFE00E41A1F /* Assets.xcassets in Resources */,
				710A6F912C57CBFE00E41A1F /* Base in Resources */,
			);
			runOnlyForDeploymentPostprocessing = 0;
		};
/* End PBXResourcesBuildPhase section */

/* Begin PBXSourcesBuildPhase section */
		710A6F7D2C57CBFD00E41A1F /* Sources */ = {
			isa = PBXSourcesBuildPhase;
			buildActionMask = 2147483647;
			files = (
				710A6F892C57CBFD00E41A1F /* MainViewController.swift in Sources */,
				710A6F852C57CBFD00E41A1F /* AppDelegate.swift in Sources */,
				71C92EB12C5FAA290081CAD2 /* ModifyOfStockViewController.swift in Sources */,
				717B3F2F2C57CDC3005742F8 /* JuiceMaker.swift in Sources */,
				717B3F2D2C57CDBC005742F8 /* FruitStore.swift in Sources */,
				719DEE7C2C59164800861F20 /* Juice.swift in Sources */,
				710A6F872C57CBFD00E41A1F /* SceneDelegate.swift in Sources */,
			);
			runOnlyForDeploymentPostprocessing = 0;
		};
/* End PBXSourcesBuildPhase section */

/* Begin PBXVariantGroup section */
		710A6F8F2C57CBFE00E41A1F /* LaunchScreen.storyboard */ = {
			isa = PBXVariantGroup;
			children = (
				710A6F902C57CBFE00E41A1F /* Base */,
			);
			name = LaunchScreen.storyboard;
			sourceTree = "<group>";
		};
/* End PBXVariantGroup section */

/* Begin XCBuildConfiguration section */
		710A6F932C57CBFE00E41A1F /* Debug */ = {
			isa = XCBuildConfiguration;
			buildSettings = {
				ALWAYS_SEARCH_USER_PATHS = NO;
				ASSETCATALOG_COMPILER_GENERATE_SWIFT_ASSET_SYMBOL_EXTENSIONS = YES;
				CLANG_ANALYZER_NONNULL = YES;
				CLANG_ANALYZER_NUMBER_OBJECT_CONVERSION = YES_AGGRESSIVE;
				CLANG_CXX_LANGUAGE_STANDARD = "gnu++20";
				CLANG_ENABLE_MODULES = YES;
				CLANG_ENABLE_OBJC_ARC = YES;
				CLANG_ENABLE_OBJC_WEAK = YES;
				CLANG_WARN_BLOCK_CAPTURE_AUTORELEASING = YES;
				CLANG_WARN_BOOL_CONVERSION = YES;
				CLANG_WARN_COMMA = YES;
				CLANG_WARN_CONSTANT_CONVERSION = YES;
				CLANG_WARN_DEPRECATED_OBJC_IMPLEMENTATIONS = YES;
				CLANG_WARN_DIRECT_OBJC_ISA_USAGE = YES_ERROR;
				CLANG_WARN_DOCUMENTATION_COMMENTS = YES;
				CLANG_WARN_EMPTY_BODY = YES;
				CLANG_WARN_ENUM_CONVERSION = YES;
				CLANG_WARN_INFINITE_RECURSION = YES;
				CLANG_WARN_INT_CONVERSION = YES;
				CLANG_WARN_NON_LITERAL_NULL_CONVERSION = YES;
				CLANG_WARN_OBJC_IMPLICIT_RETAIN_SELF = YES;
				CLANG_WARN_OBJC_LITERAL_CONVERSION = YES;
				CLANG_WARN_OBJC_ROOT_CLASS = YES_ERROR;
				CLANG_WARN_QUOTED_INCLUDE_IN_FRAMEWORK_HEADER = YES;
				CLANG_WARN_RANGE_LOOP_ANALYSIS = YES;
				CLANG_WARN_STRICT_PROTOTYPES = YES;
				CLANG_WARN_SUSPICIOUS_MOVE = YES;
				CLANG_WARN_UNGUARDED_AVAILABILITY = YES_AGGRESSIVE;
				CLANG_WARN_UNREACHABLE_CODE = YES;
				CLANG_WARN__DUPLICATE_METHOD_MATCH = YES;
				COPY_PHASE_STRIP = NO;
				DEBUG_INFORMATION_FORMAT = dwarf;
				ENABLE_STRICT_OBJC_MSGSEND = YES;
				ENABLE_TESTABILITY = YES;
				ENABLE_USER_SCRIPT_SANDBOXING = YES;
				GCC_C_LANGUAGE_STANDARD = gnu17;
				GCC_DYNAMIC_NO_PIC = NO;
				GCC_NO_COMMON_BLOCKS = YES;
				GCC_OPTIMIZATION_LEVEL = 0;
				GCC_PREPROCESSOR_DEFINITIONS = (
					"DEBUG=1",
					"$(inherited)",
				);
				GCC_WARN_64_TO_32_BIT_CONVERSION = YES;
				GCC_WARN_ABOUT_RETURN_TYPE = YES_ERROR;
				GCC_WARN_UNDECLARED_SELECTOR = YES;
				GCC_WARN_UNINITIALIZED_AUTOS = YES_AGGRESSIVE;
				GCC_WARN_UNUSED_FUNCTION = YES;
				GCC_WARN_UNUSED_VARIABLE = YES;
				IPHONEOS_DEPLOYMENT_TARGET = 17.5;
				LOCALIZATION_PREFERS_STRING_CATALOGS = YES;
				MTL_ENABLE_DEBUG_INFO = INCLUDE_SOURCE;
				MTL_FAST_MATH = YES;
				ONLY_ACTIVE_ARCH = YES;
				SDKROOT = iphoneos;
				SWIFT_ACTIVE_COMPILATION_CONDITIONS = "DEBUG $(inherited)";
				SWIFT_OPTIMIZATION_LEVEL = "-Onone";
			};
			name = Debug;
		};
		710A6F942C57CBFE00E41A1F /* Release */ = {
			isa = XCBuildConfiguration;
			buildSettings = {
				ALWAYS_SEARCH_USER_PATHS = NO;
				ASSETCATALOG_COMPILER_GENERATE_SWIFT_ASSET_SYMBOL_EXTENSIONS = YES;
				CLANG_ANALYZER_NONNULL = YES;
				CLANG_ANALYZER_NUMBER_OBJECT_CONVERSION = YES_AGGRESSIVE;
				CLANG_CXX_LANGUAGE_STANDARD = "gnu++20";
				CLANG_ENABLE_MODULES = YES;
				CLANG_ENABLE_OBJC_ARC = YES;
				CLANG_ENABLE_OBJC_WEAK = YES;
				CLANG_WARN_BLOCK_CAPTURE_AUTORELEASING = YES;
				CLANG_WARN_BOOL_CONVERSION = YES;
				CLANG_WARN_COMMA = YES;
				CLANG_WARN_CONSTANT_CONVERSION = YES;
				CLANG_WARN_DEPRECATED_OBJC_IMPLEMENTATIONS = YES;
				CLANG_WARN_DIRECT_OBJC_ISA_USAGE = YES_ERROR;
				CLANG_WARN_DOCUMENTATION_COMMENTS = YES;
				CLANG_WARN_EMPTY_BODY = YES;
				CLANG_WARN_ENUM_CONVERSION = YES;
				CLANG_WARN_INFINITE_RECURSION = YES;
				CLANG_WARN_INT_CONVERSION = YES;
				CLANG_WARN_NON_LITERAL_NULL_CONVERSION = YES;
				CLANG_WARN_OBJC_IMPLICIT_RETAIN_SELF = YES;
				CLANG_WARN_OBJC_LITERAL_CONVERSION = YES;
				CLANG_WARN_OBJC_ROOT_CLASS = YES_ERROR;
				CLANG_WARN_QUOTED_INCLUDE_IN_FRAMEWORK_HEADER = YES;
				CLANG_WARN_RANGE_LOOP_ANALYSIS = YES;
				CLANG_WARN_STRICT_PROTOTYPES = YES;
				CLANG_WARN_SUSPICIOUS_MOVE = YES;
				CLANG_WARN_UNGUARDED_AVAILABILITY = YES_AGGRESSIVE;
				CLANG_WARN_UNREACHABLE_CODE = YES;
				CLANG_WARN__DUPLICATE_METHOD_MATCH = YES;
				COPY_PHASE_STRIP = NO;
				DEBUG_INFORMATION_FORMAT = "dwarf-with-dsym";
				ENABLE_NS_ASSERTIONS = NO;
				ENABLE_STRICT_OBJC_MSGSEND = YES;
				ENABLE_USER_SCRIPT_SANDBOXING = YES;
				GCC_C_LANGUAGE_STANDARD = gnu17;
				GCC_NO_COMMON_BLOCKS = YES;
				GCC_WARN_64_TO_32_BIT_CONVERSION = YES;
				GCC_WARN_ABOUT_RETURN_TYPE = YES_ERROR;
				GCC_WARN_UNDECLARED_SELECTOR = YES;
				GCC_WARN_UNINITIALIZED_AUTOS = YES_AGGRESSIVE;
				GCC_WARN_UNUSED_FUNCTION = YES;
				GCC_WARN_UNUSED_VARIABLE = YES;
				IPHONEOS_DEPLOYMENT_TARGET = 17.5;
				LOCALIZATION_PREFERS_STRING_CATALOGS = YES;
				MTL_ENABLE_DEBUG_INFO = NO;
				MTL_FAST_MATH = YES;
				SDKROOT = iphoneos;
				SWIFT_COMPILATION_MODE = wholemodule;
				VALIDATE_PRODUCT = YES;
			};
			name = Release;
		};
		710A6F962C57CBFE00E41A1F /* Debug */ = {
			isa = XCBuildConfiguration;
			buildSettings = {
				ASSETCATALOG_COMPILER_APPICON_NAME = AppIcon;
				ASSETCATALOG_COMPILER_GLOBAL_ACCENT_COLOR_NAME = AccentColor;
				CODE_SIGN_STYLE = Automatic;
				CURRENT_PROJECT_VERSION = 1;
				DEVELOPMENT_TEAM = H8AWFKL48X;
				GENERATE_INFOPLIST_FILE = YES;
				INFOPLIST_FILE = JuiceMaker/Info.plist;
				INFOPLIST_KEY_UIApplicationSupportsIndirectInputEvents = YES;
				INFOPLIST_KEY_UILaunchStoryboardName = LaunchScreen;
				INFOPLIST_KEY_UISupportedInterfaceOrientations = "UIInterfaceOrientationLandscapeLeft UIInterfaceOrientationLandscapeRight";
				INFOPLIST_KEY_UISupportedInterfaceOrientations_iPad = "UIInterfaceOrientationLandscapeLeft UIInterfaceOrientationLandscapeRight UIInterfaceOrientationPortrait UIInterfaceOrientationPortraitUpsideDown";
				LD_RUNPATH_SEARCH_PATHS = (
					"$(inherited)",
					"@executable_path/Frameworks",
				);
				MARKETING_VERSION = 1.0;
				PRODUCT_BUNDLE_IDENTIFIER = com.JuiceMaker;
				PRODUCT_NAME = "$(TARGET_NAME)";
				SWIFT_EMIT_LOC_STRINGS = YES;
				SWIFT_VERSION = 5.0;
				TARGETED_DEVICE_FAMILY = "1,2";
			};
			name = Debug;
		};
		710A6F972C57CBFE00E41A1F /* Release */ = {
			isa = XCBuildConfiguration;
			buildSettings = {
				ASSETCATALOG_COMPILER_APPICON_NAME = AppIcon;
				ASSETCATALOG_COMPILER_GLOBAL_ACCENT_COLOR_NAME = AccentColor;
				CODE_SIGN_STYLE = Automatic;
				CURRENT_PROJECT_VERSION = 1;
				DEVELOPMENT_TEAM = H8AWFKL48X;
				GENERATE_INFOPLIST_FILE = YES;
				INFOPLIST_FILE = JuiceMaker/Info.plist;
				INFOPLIST_KEY_UIApplicationSupportsIndirectInputEvents = YES;
				INFOPLIST_KEY_UILaunchStoryboardName = LaunchScreen;
				INFOPLIST_KEY_UISupportedInterfaceOrientations = "UIInterfaceOrientationLandscapeLeft UIInterfaceOrientationLandscapeRight";
				INFOPLIST_KEY_UISupportedInterfaceOrientations_iPad = "UIInterfaceOrientationLandscapeLeft UIInterfaceOrientationLandscapeRight UIInterfaceOrientationPortrait UIInterfaceOrientationPortraitUpsideDown";
				LD_RUNPATH_SEARCH_PATHS = (
					"$(inherited)",
					"@executable_path/Frameworks",
				);
				MARKETING_VERSION = 1.0;
				PRODUCT_BUNDLE_IDENTIFIER = com.JuiceMaker;
				PRODUCT_NAME = "$(TARGET_NAME)";
				SWIFT_EMIT_LOC_STRINGS = YES;
				SWIFT_VERSION = 5.0;
				TARGETED_DEVICE_FAMILY = "1,2";
			};
			name = Release;
		};
/* End XCBuildConfiguration section */

/* Begin XCConfigurationList section */
		710A6F7C2C57CBFD00E41A1F /* Build configuration list for PBXProject "JuiceMaker" */ = {
			isa = XCConfigurationList;
			buildConfigurations = (
				710A6F932C57CBFE00E41A1F /* Debug */,
				710A6F942C57CBFE00E41A1F /* Release */,
			);
			defaultConfigurationIsVisible = 0;
			defaultConfigurationName = Release;
		};
		710A6F952C57CBFE00E41A1F /* Build configuration list for PBXNativeTarget "JuiceMaker" */ = {
			isa = XCConfigurationList;
			buildConfigurations = (
				710A6F962C57CBFE00E41A1F /* Debug */,
				710A6F972C57CBFE00E41A1F /* Release */,
			);
			defaultConfigurationIsVisible = 0;
			defaultConfigurationName = Release;
		};
/* End XCConfigurationList section */
	};
	rootObject = 710A6F792C57CBFD00E41A1F /* Project object */;
}
